{
  "name": "IP-API",
  "lockfileVersion": 2,
  "requires": true,
  "packages": {
    "": {
      "dependencies": {
        "ipapi.co": "^0.3.0"
      }
    },
    "node_modules/ipapi.co": {
      "version": "0.3.0",
      "resolved": "https://registry.npmjs.org/ipapi.co/-/ipapi.co-0.3.0.tgz",
      "integrity": "sha512-a8XM1tmOKqUfMiI0inKznyxOXG5bVThHXL0gmBj/nvwiyh6b+FyGHBo+OWVJ2u+Xv5hsq+EhkwIBw4z85ZpU+A=="
    }
  },
  "dependencies": {
    "ipapi.co": {
      "version": "0.3.0",
      "resolved": "https://registry.npmjs.org/ipapi.co/-/ipapi.co-0.3.0.tgz",
      "integrity": "sha512-a8XM1tmOKqUfMiI0inKznyxOXG5bVThHXL0gmBj/nvwiyh6b+FyGHBo+OWVJ2u+Xv5hsq+EhkwIBw4z85ZpU+A=="
    }
  }
}
